
Microsoft Visual Studio Solution File, Format Version 12.00
# Visual Studio Version 17
VisualStudioVersion = 17.0.32014.148
MinimumVisualStudioVersion = 10.0.40219.1
Project("{FAE04EC0-301F-11D3-BF4B-00C04F79EFBC}") = "Cloudeon.API", "Cloudeon.API\Cloudeon.API.csproj", "{AC0EED8A-B775-4413-A998-E729BA77F1E9}"
EndProject
Global
	GlobalSection(SolutionConfigurationPlatforms) = preSolution
		Debug|Any CPU = Debug|Any CPU
		Release|Any CPU = Release|Any CPU
	EndGlobalSection
	GlobalSection(ProjectConfigurationPlatforms) = postSolution
		{AC0EED8A-B775-4413-A998-E729BA77F1E9}.Debug|Any CPU.ActiveCfg = Debug|Any CPU
		{AC0EED8A-B775-4413-A998-E729BA77F1E9}.Debug|Any CPU.Build.0 = Debug|Any CPU
		{AC0EED8A-B775-4413-A998-E729BA77F1E9}.Release|Any CPU.ActiveCfg = Release|Any CPU
		{AC0EED8A-B775-4413-A998-E729BA77F1E9}.Release|Any CPU.Build.0 = Release|Any CPU
	EndGlobalSection
	GlobalSection(SolutionProperties) = preSolution
		HideSolutionNode = FALSE
	EndGlobalSection
	GlobalSection(ExtensibilityGlobals) = postSolution
		SolutionGuid = {6E2125C4-E23B-476D-92C1-AC8256DA0C09}
	EndGlobalSection
EndGlobal
